
Microsoft Visual Studio Solution File, Format Version 12.00
# Visual Studio Version 17
VisualStudioVersion = 17.0.32126.317
MinimumVisualStudioVersion = 10.0.40219.1
Project("{9A19103F-16F7-4668-BE54-9A1E7A4F7556}") = "ControladorProjetos.CamadaModelo", "Apontamento.CamadaModelo\ControladorProjetos.CamadaModelo.csproj", "{E7FCCA15-E1A2-4536-8A26-852D09C9F0C5}"
EndProject
Project("{9A19103F-16F7-4668-BE54-9A1E7A4F7556}") = "ControladorProjetos.CamadaRepositorio", "Apontamento.CamadaRepositorio\ControladorProjetos.CamadaRepositorio.csproj", "{8A60C0E4-9997-4456-9809-086A095DF528}"
EndProject
Project("{9A19103F-16F7-4668-BE54-9A1E7A4F7556}") = "ControladorProjetos.CamadaNegocio", "Apontamento.CamadaNegocio\ControladorProjetos.CamadaNegocio.csproj", "{F3C493EE-4E71-4C8A-B1F2-B7CC2D0470E2}"
EndProject
Project("{9A19103F-16F7-4668-BE54-9A1E7A4F7556}") = "ConProAPI", "ConProAPI\ConProAPI.csproj", "{B3072973-7BAE-40E7-9D16-5B1CF8C558AA}"
EndProject
Global
	GlobalSection(SolutionConfigurationPlatforms) = preSolution
		Debug|Any CPU = Debug|Any CPU
		Release|Any CPU = Release|Any CPU
	EndGlobalSection
	GlobalSection(ProjectConfigurationPlatforms) = postSolution
		{E7FCCA15-E1A2-4536-8A26-852D09C9F0C5}.Debug|Any CPU.ActiveCfg = Debug|Any CPU
		{E7FCCA15-E1A2-4536-8A26-852D09C9F0C5}.Debug|Any CPU.Build.0 = Debug|Any CPU
		{E7FCCA15-E1A2-4536-8A26-852D09C9F0C5}.Release|Any CPU.ActiveCfg = Release|Any CPU
		{E7FCCA15-E1A2-4536-8A26-852D09C9F0C5}.Release|Any CPU.Build.0 = Release|Any CPU
		{8A60C0E4-9997-4456-9809-086A095DF528}.Debug|Any CPU.ActiveCfg = Debug|Any CPU
		{8A60C0E4-9997-4456-9809-086A095DF528}.Debug|Any CPU.Build.0 = Debug|Any CPU
		{8A60C0E4-9997-4456-9809-086A095DF528}.Release|Any CPU.ActiveCfg = Release|Any CPU
		{8A60C0E4-9997-4456-9809-086A095DF528}.Release|Any CPU.Build.0 = Release|Any CPU
		{F3C493EE-4E71-4C8A-B1F2-B7CC2D0470E2}.Debug|Any CPU.ActiveCfg = Debug|Any CPU
		{F3C493EE-4E71-4C8A-B1F2-B7CC2D0470E2}.Debug|Any CPU.Build.0 = Debug|Any CPU
		{F3C493EE-4E71-4C8A-B1F2-B7CC2D0470E2}.Release|Any CPU.ActiveCfg = Release|Any CPU
		{F3C493EE-4E71-4C8A-B1F2-B7CC2D0470E2}.Release|Any CPU.Build.0 = Release|Any CPU
		{B3072973-7BAE-40E7-9D16-5B1CF8C558AA}.Debug|Any CPU.ActiveCfg = Debug|Any CPU
		{B3072973-7BAE-40E7-9D16-5B1CF8C558AA}.Debug|Any CPU.Build.0 = Debug|Any CPU
		{B3072973-7BAE-40E7-9D16-5B1CF8C558AA}.Release|Any CPU.ActiveCfg = Release|Any CPU
		{B3072973-7BAE-40E7-9D16-5B1CF8C558AA}.Release|Any CPU.Build.0 = Release|Any CPU
	EndGlobalSection
	GlobalSection(SolutionProperties) = preSolution
		HideSolutionNode = FALSE
	EndGlobalSection
	GlobalSection(ExtensibilityGlobals) = postSolution
		SolutionGuid = {7997492B-33EC-4114-9EDF-D22CEA11B64D}
	EndGlobalSection
EndGlobal
